
Microsoft Visual Studio Solution File, Format Version 12.00
# Visual Studio Version 16
VisualStudioVersion = 16.0.30717.126
MinimumVisualStudioVersion = 10.0.40219.1
Project("{FAE04EC0-301F-11D3-BF4B-00C04F79EFBC}") = "Communication_network", "Communication_network\Communication_network.csproj", "{17FE04B4-9E8F-4CD5-B2D1-E969D5BDCFAD}"
EndProject
Global
	GlobalSection(SolutionConfigurationPlatforms) = preSolution
		Debug|Any CPU = Debug|Any CPU
		Release|Any CPU = Release|Any CPU
	EndGlobalSection
	GlobalSection(ProjectConfigurationPlatforms) = postSolution
		{17FE04B4-9E8F-4CD5-B2D1-E969D5BDCFAD}.Debug|Any CPU.ActiveCfg = Debug|Any CPU
		{17FE04B4-9E8F-4CD5-B2D1-E969D5BDCFAD}.Debug|Any CPU.Build.0 = Debug|Any CPU
		{17FE04B4-9E8F-4CD5-B2D1-E969D5BDCFAD}.Release|Any CPU.ActiveCfg = Release|Any CPU
		{17FE04B4-9E8F-4CD5-B2D1-E969D5BDCFAD}.Release|Any CPU.Build.0 = Release|Any CPU
	EndGlobalSection
	GlobalSection(SolutionProperties) = preSolution
		HideSolutionNode = FALSE
	EndGlobalSection
	GlobalSection(ExtensibilityGlobals) = postSolution
		SolutionGuid = {8E62C887-A402-489F-99D1-981CB826A73C}
	EndGlobalSection
EndGlobal
